lockfileVersion: '9.0'

settings:
  autoInstallPeers: true
  excludeLinksFromLockfile: false

importers:

  .:
    dependencies:
      '@midnight-ntwrk/compact-runtime':
        specifier: ^0.9.0
        version: 0.9.0
      '@midnight-ntwrk/dapp-connector-api':
        specifier: ^3.0.0
        version: 3.0.0(rxjs@7.8.2)
      '@midnight-ntwrk/ledger':
        specifier: ^4.0.0
        version: 4.0.0
      fp-ts:
        specifier: ^2.16.11
        version: 2.16.11
      rxjs:
        specifier: ^7.8.2
        version: 7.8.2

packages:

  '@midnight-ntwrk/compact-runtime@0.9.0':
    resolution: {integrity: sha512-Dsms+SWRWlaTIay4SO7ITxTJvo8lgEKkMss+dQnIZDnEoCEO5lHTSj4TckBAvyYSWm4KElN3tir/MVm5hHgfDA==}

  '@midnight-ntwrk/dapp-connector-api@3.0.0':
    resolution: {integrity: sha512-A/AhsNjibrOSaUiPhQhxANeW9178uYnzeBFBf30YCvyvWg0YWCbhQfc7dRpiL7iBoX3Sxt9mtf+Svx4ZygLajg==}

  '@midnight-ntwrk/ledger@4.0.0':
    resolution: {integrity: sha512-cnJisY8uQ4NO54miDnjs/ov6n102ZPfKEPxtiDKVEdlKijcc70jz/CI2yBCc0itlwwaqma7FM2Ou5N4pWpbwbg==}

  '@midnight-ntwrk/onchain-runtime@0.3.0':
    resolution: {integrity: sha512-vZWPoz7MhXO5UgWZET50g7APOcT5dbAfADDcrSreeOagV8lj7JJzlnYIIhrcUaMOv+NHWxPaUcJUYUkmu9LoTA==}

  '@midnight-ntwrk/wallet-api@5.0.0':
    resolution: {integrity: sha512-L5Z9+v+ouqTtPLoXpngtBVHZ0SmC3zLrCZbuYnd/ul6p9UbwUQ3AQeqMhclv2jhwFRNYsL0fBOqpD5dvs4SvLQ==}
    peerDependencies:
      rxjs: 7.x

  '@midnight-ntwrk/zswap@4.0.0':
    resolution: {integrity: sha512-yKfzp4M/wUkqxUJv1D2SizojYdWYnF3FDeKaxPehLPOFC4BrR9KnLZsNR2Y/occ8a4yFDtQXf7bN1QvK5k7Grw==}

  '@types/object-inspect@1.13.0':
    resolution: {integrity: sha512-lwGTVESDDV+XsQ1pH4UifpJ1f7OtXzQ6QBOX2Afq2bM/T3oOt8hF6exJMjjIjtEWeAN2YAo25J7HxWh97CCz9w==}

  fp-ts@2.16.11:
    resolution: {integrity: sha512-LaI+KaX2NFkfn1ZGHoKCmcfv7yrZsC3b8NtWsTVQeHkq4F27vI5igUuO53sxqDEa2gNQMHFPmpojDw/1zmUK7w==}

  object-inspect@1.13.4:
    resolution: {integrity: sha512-W67iLl4J2EXEGTbfeHCffrjDfitvLANg0UlX3wFUUSTx92KXRFegMHUVgSqE+wvhAbi4WqjGg9czysTV2Epbew==}
    engines: {node: '>= 0.4'}

  rxjs@7.8.2:
    resolution: {integrity: sha512-dhKf903U/PQZY6boNNtAGdWbG85WAbjT/1xYoZIC7FAY0yWapOBQVsVrDl58W86//e1VpMNBtRV4MaXfdMySFA==}

  ts-custom-error@3.3.1:
    resolution: {integrity: sha512-5OX1tzOjxWEgsr/YEUWSuPrQ00deKLh6D7OTWcvNHm12/7QPyRh8SYpyWvA4IZv8H/+GQWQEh/kwo95Q9OVW1A==}
    engines: {node: '>=14.0.0'}

  tslib@2.8.1:
    resolution: {integrity: sha512-oJFu94HQb+KVduSUQL7wnpmqnfmLsOA/nAh6b6EH0wCEoK0/mPeXU6c3wKDV83MkOuHPRHtSXKKU99IBazS/2w==}

snapshots:

  '@midnight-ntwrk/compact-runtime@0.9.0':
    dependencies:
      '@midnight-ntwrk/onchain-runtime': 0.3.0
      '@types/object-inspect': 1.13.0
      object-inspect: 1.13.4

  '@midnight-ntwrk/dapp-connector-api@3.0.0(rxjs@7.8.2)':
    dependencies:
      '@midnight-ntwrk/wallet-api': 5.0.0(rxjs@7.8.2)
      '@midnight-ntwrk/zswap': 4.0.0
      ts-custom-error: 3.3.1
    transitivePeerDependencies:
      - rxjs

  '@midnight-ntwrk/ledger@4.0.0': {}

  '@midnight-ntwrk/onchain-runtime@0.3.0': {}

  '@midnight-ntwrk/wallet-api@5.0.0(rxjs@7.8.2)':
    dependencies:
      '@midnight-ntwrk/zswap': 4.0.0
      rxjs: 7.8.2

  '@midnight-ntwrk/zswap@4.0.0': {}

  '@types/object-inspect@1.13.0': {}

  fp-ts@2.16.11: {}

  object-inspect@1.13.4: {}

  rxjs@7.8.2:
    dependencies:
      tslib: 2.8.1

  ts-custom-error@3.3.1: {}

  tslib@2.8.1: {}
